// !$*UTF8*$!
{
	archiveVersion = 1;
	classes = {
	};
	objectVersion = 56;
	objects = {

/* Begin PBXBuildFile section */
		090F16D02AB72F7500E0C812 /* FirebasePlaygroundApp.swift in Sources */ = {isa = PBXBuildFile; fileRef = 090F16CF2AB72F7500E0C812 /* FirebasePlaygroundApp.swift */; };
		090F16D22AB72F7500E0C812 /* HomeListView.swift in Sources */ = {isa = PBXBuildFile; fileRef = 090F16D12AB72F7500E0C812 /* HomeListView.swift */; };
		090F16D42AB72F7600E0C812 /* Assets.xcassets in Resources */ = {isa = PBXBuildFile; fileRef = 090F16D32AB72F7600E0C812 /* Assets.xcassets */; };
		090F16D72AB72F7600E0C812 /* Preview Assets.xcassets in Resources */ = {isa = PBXBuildFile; fileRef = 090F16D62AB72F7600E0C812 /* Preview Assets.xcassets */; };
		090F16DF2AB731B400E0C812 /* FirebaseFirestore in Frameworks */ = {isa = PBXBuildFile; productRef = 090F16DE2AB731B400E0C812 /* FirebaseFirestore */; };
		090F16E12AB731DA00E0C812 /* FireStoreManager.swift in Sources */ = {isa = PBXBuildFile; fileRef = 090F16E02AB731DA00E0C812 /* FireStoreManager.swift */; };
		090F16E42AB731F300E0C812 /* FirebaseFirestoreSwift in Frameworks */ = {isa = PBXBuildFile; productRef = 090F16E32AB731F300E0C812 /* FirebaseFirestoreSwift */; };
		090F16E62AB7321E00E0C812 /* FishData.swift in Sources */ = {isa = PBXBuildFile; fileRef = 090F16E52AB7321E00E0C812 /* FishData.swift */; };
		090F16E82AB7341500E0C812 /* AddListView.swift in Sources */ = {isa = PBXBuildFile; fileRef = 090F16E72AB7341500E0C812 /* AddListView.swift */; };
		090F16EA2AB7352200E0C812 /* ViewModel.swift in Sources */ = {isa = PBXBuildFile; fileRef = 090F16E92AB7352200E0C812 /* ViewModel.swift */; };
		090F16EC2AB735FC00E0C812 /* NavigationManager.swift in Sources */ = {isa = PBXBuildFile; fileRef = 090F16EB2AB735FC00E0C812 /* NavigationManager.swift */; };
		090F16EE2AB737AD00E0C812 /* KeyboardCloseItem.swift in Sources */ = {isa = PBXBuildFile; fileRef = 090F16ED2AB737AD00E0C812 /* KeyboardCloseItem.swift */; };
		093CE6472AB7AB0000967227 /* CustomMonthYearPicker.swift in Sources */ = {isa = PBXBuildFile; fileRef = 093CE6462AB7AB0000967227 /* CustomMonthYearPicker.swift */; };
		093CE6492AB7ACA300967227 /* TextView.swift in Sources */ = {isa = PBXBuildFile; fileRef = 093CE6482AB7ACA300967227 /* TextView.swift */; };
		093CE64B2AB7B5BE00967227 /* FishInputView.swift in Sources */ = {isa = PBXBuildFile; fileRef = 093CE64A2AB7B5BE00967227 /* FishInputView.swift */; };
		093CE64D2AB7CAE600967227 /* MainTabScreen.swift in Sources */ = {isa = PBXBuildFile; fileRef = 093CE64C2AB7CAE600967227 /* MainTabScreen.swift */; };
		093CE64F2AB7CB2800967227 /* AboutAppView.swift in Sources */ = {isa = PBXBuildFile; fileRef = 093CE64E2AB7CB2800967227 /* AboutAppView.swift */; };
		093CE6512AB89C1800967227 /* CustomColor.swift in Sources */ = {isa = PBXBuildFile; fileRef = 093CE6502AB89C1800967227 /* CustomColor.swift */; };
		093CE6532AB8A7A000967227 /* GoogleService-Info.plist in Resources */ = {isa = PBXBuildFile; fileRef = 093CE6522AB8A7A000967227 /* GoogleService-Info.plist */; };
		093CE65D2ABC894700967227 /* testNavigation.swift in Sources */ = {isa = PBXBuildFile; fileRef = 093CE65C2ABC894700967227 /* testNavigation.swift */; };
		093CE67F2ABEA31B00967227 /* HomeListModel.swift in Sources */ = {isa = PBXBuildFile; fileRef = 093CE67E2ABEA31B00967227 /* HomeListModel.swift */; };
		093CE6812ABEA69E00967227 /* AddListModel.swift in Sources */ = {isa = PBXBuildFile; fileRef = 093CE6802ABEA69E00967227 /* AddListModel.swift */; };
		093CE6832ABEE91F00967227 /* HomeListViewModel.swift in Sources */ = {isa = PBXBuildFile; fileRef = 093CE6822ABEE91F00967227 /* HomeListViewModel.swift */; };
		093CE6852ABEEDF500967227 /* AddListViewModel.swift in Sources */ = {isa = PBXBuildFile; fileRef = 093CE6842ABEEDF500967227 /* AddListViewModel.swift */; };
		095BE70A2AB7A6AF001855E3 /* CustomNavigationBarItems.swift in Sources */ = {isa = PBXBuildFile; fileRef = 095BE7092AB7A6AF001855E3 /* CustomNavigationBarItems.swift */; };
/* End PBXBuildFile section */

/* Begin PBXFileReference section */
		090F16CC2AB72F7500E0C812 /* FirebasePlayground.app */ = {isa = PBXFileReference; explicitFileType = wrapper.application; includeInIndex = 0; path = FirebasePlayground.app; sourceTree = BUILT_PRODUCTS_DIR; };
		090F16CF2AB72F7500E0C812 /* FirebasePlaygroundApp.swift */ = {isa = PBXFileReference; lastKnownFileType = sourcecode.swift; path = FirebasePlaygroundApp.swift; sourceTree = "<group>"; };
		090F16D12AB72F7500E0C812 /* HomeListView.swift */ = {isa = PBXFileReference; lastKnownFileType = sourcecode.swift; path = HomeListView.swift; sourceTree = "<group>"; };
		090F16D32AB72F7600E0C812 /* Assets.xcassets */ = {isa = PBXFileReference; lastKnownFileType = folder.assetcatalog; path = Assets.xcassets; sourceTree = "<group>"; };
		090F16D62AB72F7600E0C812 /* Preview Assets.xcassets */ = {isa = PBXFileReference; lastKnownFileType = folder.assetcatalog; path = "Preview Assets.xcassets"; sourceTree = "<group>"; };
		090F16E02AB731DA00E0C812 /* FireStoreManager.swift */ = {isa = PBXFileReference; lastKnownFileType = sourcecode.swift; path = FireStoreManager.swift; sourceTree = "<group>"; };
		090F16E52AB7321E00E0C812 /* FishData.swift */ = {isa = PBXFileReference; lastKnownFileType = sourcecode.swift; path = FishData.swift; sourceTree = "<group>"; };
		090F16E72AB7341500E0C812 /* AddListView.swift */ = {isa = PBXFileReference; lastKnownFileType = sourcecode.swift; path = AddListView.swift; sourceTree = "<group>"; };
		090F16E92AB7352200E0C812 /* ViewModel.swift */ = {isa = PBXFileReference; lastKnownFileType = sourcecode.swift; path = ViewModel.swift; sourceTree = "<group>"; };
		090F16EB2AB735FC00E0C812 /* NavigationManager.swift */ = {isa = PBXFileReference; lastKnownFileType = sourcecode.swift; path = NavigationManager.swift; sourceTree = "<group>"; };
		090F16ED2AB737AD00E0C812 /* KeyboardCloseItem.swift */ = {isa = PBXFileReference; lastKnownFileType = sourcecode.swift; path = KeyboardCloseItem.swift; sourceTree = "<group>"; };
		093CE6462AB7AB0000967227 /* CustomMonthYearPicker.swift */ = {isa = PBXFileReference; lastKnownFileType = sourcecode.swift; path = CustomMonthYearPicker.swift; sourceTree = "<group>"; };
		093CE6482AB7ACA300967227 /* TextView.swift */ = {isa = PBXFileReference; lastKnownFileType = sourcecode.swift; path = TextView.swift; sourceTree = "<group>"; };
		093CE64A2AB7B5BE00967227 /* FishInputView.swift */ = {isa = PBXFileReference; lastKnownFileType = sourcecode.swift; path = FishInputView.swift; sourceTree = "<group>"; };
		093CE64C2AB7CAE600967227 /* MainTabScreen.swift */ = {isa = PBXFileReference; lastKnownFileType = sourcecode.swift; path = MainTabScreen.swift; sourceTree = "<group>"; };
		093CE64E2AB7CB2800967227 /* AboutAppView.swift */ = {isa = PBXFileReference; lastKnownFileType = sourcecode.swift; path = AboutAppView.swift; sourceTree = "<group>"; };
		093CE6502AB89C1800967227 /* CustomColor.swift */ = {isa = PBXFileReference; lastKnownFileType = sourcecode.swift; path = CustomColor.swift; sourceTree = "<group>"; };
		093CE6522AB8A7A000967227 /* GoogleService-Info.plist */ = {isa = PBXFileReference; fileEncoding = 4; lastKnownFileType = text.plist.xml; path = "GoogleService-Info.plist"; sourceTree = "<group>"; };
		093CE65C2ABC894700967227 /* testNavigation.swift */ = {isa = PBXFileReference; lastKnownFileType = sourcecode.swift; path = testNavigation.swift; sourceTree = "<group>"; };
		093CE67E2ABEA31B00967227 /* HomeListModel.swift */ = {isa = PBXFileReference; lastKnownFileType = sourcecode.swift; path = HomeListModel.swift; sourceTree = "<group>"; };
		093CE6802ABEA69E00967227 /* AddListModel.swift */ = {isa = PBXFileReference; lastKnownFileType = sourcecode.swift; path = AddListModel.swift; sourceTree = "<group>"; };
		093CE6822ABEE91F00967227 /* HomeListViewModel.swift */ = {isa = PBXFileReference; lastKnownFileType = sourcecode.swift; path = HomeListViewModel.swift; sourceTree = "<group>"; };
		093CE6842ABEEDF500967227 /* AddListViewModel.swift */ = {isa = PBXFileReference; lastKnownFileType = sourcecode.swift; path = AddListViewModel.swift; sourceTree = "<group>"; };
		095BE7092AB7A6AF001855E3 /* CustomNavigationBarItems.swift */ = {isa = PBXFileReference; lastKnownFileType = sourcecode.swift; path = CustomNavigationBarItems.swift; sourceTree = "<group>"; };
/* End PBXFileReference section */

/* Begin PBXFrameworksBuildPhase section */
		090F16C92AB72F7500E0C812 /* Frameworks */ = {
			isa = PBXFrameworksBuildPhase;
			buildActionMask = 2147483647;
			files = (
				090F16DF2AB731B400E0C812 /* FirebaseFirestore in Frameworks */,
				090F16E42AB731F300E0C812 /* FirebaseFirestoreSwift in Frameworks */,
			);
			runOnlyForDeploymentPostprocessing = 0;
		};
/* End PBXFrameworksBuildPhase section */

/* Begin PBXGroup section */
		090F16C32AB72F7500E0C812 = {
			isa = PBXGroup;
			children = (
				090F16CE2AB72F7500E0C812 /* FirebasePlayground */,
				090F16CD2AB72F7500E0C812 /* Products */,
				090F16E22AB731F300E0C812 /* Frameworks */,
			);
			sourceTree = "<group>";
		};
		090F16CD2AB72F7500E0C812 /* Products */ = {
			isa = PBXGroup;
			children = (
				090F16CC2AB72F7500E0C812 /* FirebasePlayground.app */,
			);
			name = Products;
			sourceTree = "<group>";
		};
		090F16CE2AB72F7500E0C812 /* FirebasePlayground */ = {
			isa = PBXGroup;
			children = (
				093CE6452AB7A9BB00967227 /* Helper */,
				093CE6442AB7A9A900967227 /* ViewModel */,
				093CE6432AB7A9A400967227 /* Model */,
				093CE6422AB7A99900967227 /* View */,
				090F16CF2AB72F7500E0C812 /* FirebasePlaygroundApp.swift */,
				090F16D32AB72F7600E0C812 /* Assets.xcassets */,
				093CE6522AB8A7A000967227 /* GoogleService-Info.plist */,
				090F16D52AB72F7600E0C812 /* Preview Content */,
			);
			path = FirebasePlayground;
			sourceTree = "<group>";
		};
		090F16D52AB72F7600E0C812 /* Preview Content */ = {
			isa = PBXGroup;
			children = (
				090F16D62AB72F7600E0C812 /* Preview Assets.xcassets */,
			);
			path = "Preview Content";
			sourceTree = "<group>";
		};
		090F16E22AB731F300E0C812 /* Frameworks */ = {
			isa = PBXGroup;
			children = (
			);
			name = Frameworks;
			sourceTree = "<group>";
		};
		093CE6422AB7A99900967227 /* View */ = {
			isa = PBXGroup;
			children = (
				090F16D12AB72F7500E0C812 /* HomeListView.swift */,
				093CE64E2AB7CB2800967227 /* AboutAppView.swift */,
				093CE64C2AB7CAE600967227 /* MainTabScreen.swift */,
				090F16E72AB7341500E0C812 /* AddListView.swift */,
				093CE64A2AB7B5BE00967227 /* FishInputView.swift */,
			);
			path = View;
			sourceTree = "<group>";
		};
		093CE6432AB7A9A400967227 /* Model */ = {
			isa = PBXGroup;
			children = (
				090F16E52AB7321E00E0C812 /* FishData.swift */,
				093CE67E2ABEA31B00967227 /* HomeListModel.swift */,
				093CE6802ABEA69E00967227 /* AddListModel.swift */,
			);
			path = Model;
			sourceTree = "<group>";
		};
		093CE6442AB7A9A900967227 /* ViewModel */ = {
			isa = PBXGroup;
			children = (
				090F16E92AB7352200E0C812 /* ViewModel.swift */,
				093CE6822ABEE91F00967227 /* HomeListViewModel.swift */,
				093CE6842ABEEDF500967227 /* AddListViewModel.swift */,
			);
			path = ViewModel;
			sourceTree = "<group>";
		};
		093CE6452AB7A9BB00967227 /* Helper */ = {
			isa = PBXGroup;
			children = (
				090F16ED2AB737AD00E0C812 /* KeyboardCloseItem.swift */,
				090F16EB2AB735FC00E0C812 /* NavigationManager.swift */,
				093CE65C2ABC894700967227 /* testNavigation.swift */,
				090F16E02AB731DA00E0C812 /* FireStoreManager.swift */,
				095BE7092AB7A6AF001855E3 /* CustomNavigationBarItems.swift */,
				093CE6502AB89C1800967227 /* CustomColor.swift */,
				093CE6462AB7AB0000967227 /* CustomMonthYearPicker.swift */,
				093CE6482AB7ACA300967227 /* TextView.swift */,
			);
			path = Helper;
			sourceTree = "<group>";
		};
/* End PBXGroup section */

/* Begin PBXNativeTarget section */
		090F16CB2AB72F7500E0C812 /* FirebasePlayground */ = {
			isa = PBXNativeTarget;
			buildConfigurationList = 090F16DA2AB72F7600E0C812 /* Build configuration list for PBXNativeTarget "FirebasePlayground" */;
			buildPhases = (
				090F16C82AB72F7500E0C812 /* Sources */,
				090F16C92AB72F7500E0C812 /* Frameworks */,
				090F16CA2AB72F7500E0C812 /* Resources */,
			);
			buildRules = (
			);
			dependencies = (
			);
			name = FirebasePlayground;
			packageProductDependencies = (
				090F16DE2AB731B400E0C812 /* FirebaseFirestore */,
				090F16E32AB731F300E0C812 /* FirebaseFirestoreSwift */,
			);
			productName = FirebasePlayground;
			productReference = 090F16CC2AB72F7500E0C812 /* FirebasePlayground.app */;
			productType = "com.apple.product-type.application";
		};
/* End PBXNativeTarget section */

/* Begin PBXProject section */
		090F16C42AB72F7500E0C812 /* Project object */ = {
			isa = PBXProject;
			attributes = {
				BuildIndependentTargetsInParallel = 1;
				LastSwiftUpdateCheck = 1430;
				LastUpgradeCheck = 1430;
				TargetAttributes = {
					090F16CB2AB72F7500E0C812 = {
						CreatedOnToolsVersion = 14.3.1;
					};
				};
			};
			buildConfigurationList = 090F16C72AB72F7500E0C812 /* Build configuration list for PBXProject "FirebasePlayground" */;
			compatibilityVersion = "Xcode 14.0";
			developmentRegion = en;
			hasScannedForEncodings = 0;
			knownRegions = (
				en,
				Base,
			);
			mainGroup = 090F16C32AB72F7500E0C812;
			packageReferences = (
				090F16DD2AB731B400E0C812 /* XCRemoteSwiftPackageReference "firebase-ios-sdk" */,
			);
			productRefGroup = 090F16CD2AB72F7500E0C812 /* Products */;
			projectDirPath = "";
			projectRoot = "";
			targets = (
				090F16CB2AB72F7500E0C812 /* FirebasePlayground */,
			);
		};
/* End PBXProject section */

/* Begin PBXResourcesBuildPhase section */
		090F16CA2AB72F7500E0C812 /* Resources */ = {
			isa = PBXResourcesBuildPhase;
			buildActionMask = 2147483647;
			files = (
				090F16D72AB72F7600E0C812 /* Preview Assets.xcassets in Resources */,
				093CE6532AB8A7A000967227 /* GoogleService-Info.plist in Resources */,
				090F16D42AB72F7600E0C812 /* Assets.xcassets in Resources */,
			);
			runOnlyForDeploymentPostprocessing = 0;
		};
/* End PBXResourcesBuildPhase section */

/* Begin PBXSourcesBuildPhase section */
		090F16C82AB72F7500E0C812 /* Sources */ = {
			isa = PBXSourcesBuildPhase;
			buildActionMask = 2147483647;
			files = (
				090F16EE2AB737AD00E0C812 /* KeyboardCloseItem.swift in Sources */,
				090F16E12AB731DA00E0C812 /* FireStoreManager.swift in Sources */,
				093CE64F2AB7CB2800967227 /* AboutAppView.swift in Sources */,
				090F16D22AB72F7500E0C812 /* HomeListView.swift in Sources */,
				093CE65D2ABC894700967227 /* testNavigation.swift in Sources */,
				093CE64D2AB7CAE600967227 /* MainTabScreen.swift in Sources */,
				093CE6852ABEEDF500967227 /* AddListViewModel.swift in Sources */,
				090F16EC2AB735FC00E0C812 /* NavigationManager.swift in Sources */,
				093CE6812ABEA69E00967227 /* AddListModel.swift in Sources */,
				095BE70A2AB7A6AF001855E3 /* CustomNavigationBarItems.swift in Sources */,
				090F16D02AB72F7500E0C812 /* FirebasePlaygroundApp.swift in Sources */,
				093CE6512AB89C1800967227 /* CustomColor.swift in Sources */,
				090F16E62AB7321E00E0C812 /* FishData.swift in Sources */,
				093CE67F2ABEA31B00967227 /* HomeListModel.swift in Sources */,
				090F16EA2AB7352200E0C812 /* ViewModel.swift in Sources */,
				093CE6832ABEE91F00967227 /* HomeListViewModel.swift in Sources */,
				093CE6472AB7AB0000967227 /* CustomMonthYearPicker.swift in Sources */,
				093CE6492AB7ACA300967227 /* TextView.swift in Sources */,
				090F16E82AB7341500E0C812 /* AddListView.swift in Sources */,
				093CE64B2AB7B5BE00967227 /* FishInputView.swift in Sources */,
			);
			runOnlyForDeploymentPostprocessing = 0;
		};
/* End PBXSourcesBuildPhase section */

/* Begin XCBuildConfiguration section */
		090F16D82AB72F7600E0C812 /* Debug */ = {
			isa = XCBuildConfiguration;
			buildSettings = {
				ALWAYS_SEARCH_USER_PATHS = NO;
				CLANG_ANALYZER_NONNULL = YES;
				CLANG_ANALYZER_NUMBER_OBJECT_CONVERSION = YES_AGGRESSIVE;
				CLANG_CXX_LANGUAGE_STANDARD = "gnu++20";
				CLANG_ENABLE_MODULES = YES;
				CLANG_ENABLE_OBJC_ARC = YES;
				CLANG_ENABLE_OBJC_WEAK = YES;
				CLANG_WARN_BLOCK_CAPTURE_AUTORELEASING = YES;
				CLANG_WARN_BOOL_CONVERSION = YES;
				CLANG_WARN_COMMA = YES;
				CLANG_WARN_CONSTANT_CONVERSION = YES;
				CLANG_WARN_DEPRECATED_OBJC_IMPLEMENTATIONS = YES;
				CLANG_WARN_DIRECT_OBJC_ISA_USAGE = YES_ERROR;
				CLANG_WARN_DOCUMENTATION_COMMENTS = YES;
				CLANG_WARN_EMPTY_BODY = YES;
				CLANG_WARN_ENUM_CONVERSION = YES;
				CLANG_WARN_INFINITE_RECURSION = YES;
				CLANG_WARN_INT_CONVERSION = YES;
				CLANG_WARN_NON_LITERAL_NULL_CONVERSION = YES;
				CLANG_WARN_OBJC_IMPLICIT_RETAIN_SELF = YES;
				CLANG_WARN_OBJC_LITERAL_CONVERSION = YES;
				CLANG_WARN_OBJC_ROOT_CLASS = YES_ERROR;
				CLANG_WARN_QUOTED_INCLUDE_IN_FRAMEWORK_HEADER = YES;
				CLANG_WARN_RANGE_LOOP_ANALYSIS = YES;
				CLANG_WARN_STRICT_PROTOTYPES = YES;
				CLANG_WARN_SUSPICIOUS_MOVE = YES;
				CLANG_WARN_UNGUARDED_AVAILABILITY = YES_AGGRESSIVE;
				CLANG_WARN_UNREACHABLE_CODE = YES;
				CLANG_WARN__DUPLICATE_METHOD_MATCH = YES;
				COPY_PHASE_STRIP = NO;
				DEBUG_INFORMATION_FORMAT = dwarf;
				ENABLE_STRICT_OBJC_MSGSEND = YES;
				ENABLE_TESTABILITY = YES;
				GCC_C_LANGUAGE_STANDARD = gnu11;
				GCC_DYNAMIC_NO_PIC = NO;
				GCC_NO_COMMON_BLOCKS = YES;
				GCC_OPTIMIZATION_LEVEL = 0;
				GCC_PREPROCESSOR_DEFINITIONS = (
					"DEBUG=1",
					"$(inherited)",
				);
				GCC_WARN_64_TO_32_BIT_CONVERSION = YES;
				GCC_WARN_ABOUT_RETURN_TYPE = YES_ERROR;
				GCC_WARN_UNDECLARED_SELECTOR = YES;
				GCC_WARN_UNINITIALIZED_AUTOS = YES_AGGRESSIVE;
				GCC_WARN_UNUSED_FUNCTION = YES;
				GCC_WARN_UNUSED_VARIABLE = YES;
				IPHONEOS_DEPLOYMENT_TARGET = 16.4;
				MTL_ENABLE_DEBUG_INFO = INCLUDE_SOURCE;
				MTL_FAST_MATH = YES;
				ONLY_ACTIVE_ARCH = YES;
				SDKROOT = iphoneos;
				SWIFT_ACTIVE_COMPILATION_CONDITIONS = DEBUG;
				SWIFT_OPTIMIZATION_LEVEL = "-Onone";
			};
			name = Debug;
		};
		090F16D92AB72F7600E0C812 /* Release */ = {
			isa = XCBuildConfiguration;
			buildSettings = {
				ALWAYS_SEARCH_USER_PATHS = NO;
				CLANG_ANALYZER_NONNULL = YES;
				CLANG_ANALYZER_NUMBER_OBJECT_CONVERSION = YES_AGGRESSIVE;
				CLANG_CXX_LANGUAGE_STANDARD = "gnu++20";
				CLANG_ENABLE_MODULES = YES;
				CLANG_ENABLE_OBJC_ARC = YES;
				CLANG_ENABLE_OBJC_WEAK = YES;
				CLANG_WARN_BLOCK_CAPTURE_AUTORELEASING = YES;
				CLANG_WARN_BOOL_CONVERSION = YES;
				CLANG_WARN_COMMA = YES;
				CLANG_WARN_CONSTANT_CONVERSION = YES;
				CLANG_WARN_DEPRECATED_OBJC_IMPLEMENTATIONS = YES;
				CLANG_WARN_DIRECT_OBJC_ISA_USAGE = YES_ERROR;
				CLANG_WARN_DOCUMENTATION_COMMENTS = YES;
				CLANG_WARN_EMPTY_BODY = YES;
				CLANG_WARN_ENUM_CONVERSION = YES;
				CLANG_WARN_INFINITE_RECURSION = YES;
				CLANG_WARN_INT_CONVERSION = YES;
				CLANG_WARN_NON_LITERAL_NULL_CONVERSION = YES;
				CLANG_WARN_OBJC_IMPLICIT_RETAIN_SELF = YES;
				CLANG_WARN_OBJC_LITERAL_CONVERSION = YES;
				CLANG_WARN_OBJC_ROOT_CLASS = YES_ERROR;
				CLANG_WARN_QUOTED_INCLUDE_IN_FRAMEWORK_HEADER = YES;
				CLANG_WARN_RANGE_LOOP_ANALYSIS = YES;
				CLANG_WARN_STRICT_PROTOTYPES = YES;
				CLANG_WARN_SUSPICIOUS_MOVE = YES;
				CLANG_WARN_UNGUARDED_AVAILABILITY = YES_AGGRESSIVE;
				CLANG_WARN_UNREACHABLE_CODE = YES;
				CLANG_WARN__DUPLICATE_METHOD_MATCH = YES;
				COPY_PHASE_STRIP = NO;
				DEBUG_INFORMATION_FORMAT = "dwarf-with-dsym";
				ENABLE_NS_ASSERTIONS = NO;
				ENABLE_STRICT_OBJC_MSGSEND = YES;
				GCC_C_LANGUAGE_STANDARD = gnu11;
				GCC_NO_COMMON_BLOCKS = YES;
				GCC_WARN_64_TO_32_BIT_CONVERSION = YES;
				GCC_WARN_ABOUT_RETURN_TYPE = YES_ERROR;
				GCC_WARN_UNDECLARED_SELECTOR = YES;
				GCC_WARN_UNINITIALIZED_AUTOS = YES_AGGRESSIVE;
				GCC_WARN_UNUSED_FUNCTION = YES;
				GCC_WARN_UNUSED_VARIABLE = YES;
				IPHONEOS_DEPLOYMENT_TARGET = 16.4;
				MTL_ENABLE_DEBUG_INFO = NO;
				MTL_FAST_MATH = YES;
				SDKROOT = iphoneos;
				SWIFT_COMPILATION_MODE = wholemodule;
				SWIFT_OPTIMIZATION_LEVEL = "-O";
				VALIDATE_PRODUCT = YES;
			};
			name = Release;
		};
		090F16DB2AB72F7600E0C812 /* Debug */ = {
			isa = XCBuildConfiguration;
			buildSettings = {
				ASSETCATALOG_COMPILER_APPICON_NAME = AppIcon;
				ASSETCATALOG_COMPILER_GLOBAL_ACCENT_COLOR_NAME = AccentColor;
				CODE_SIGN_STYLE = Automatic;
				CURRENT_PROJECT_VERSION = 1;
				DEVELOPMENT_ASSET_PATHS = "\"FirebasePlayground/Preview Content\"";
				DEVELOPMENT_TEAM = J8NG2572RV;
				ENABLE_PREVIEWS = YES;
				GENERATE_INFOPLIST_FILE = YES;
				INFOPLIST_KEY_UIApplicationSceneManifest_Generation = YES;
				INFOPLIST_KEY_UIApplicationSupportsIndirectInputEvents = YES;
				INFOPLIST_KEY_UILaunchScreen_Generation = YES;
				INFOPLIST_KEY_UISupportedInterfaceOrientations_iPad = "UIInterfaceOrientationPortrait UIInterfaceOrientationPortraitUpsideDown UIInterfaceOrientationLandscapeLeft UIInterfaceOrientationLandscapeRight";
				INFOPLIST_KEY_UISupportedInterfaceOrientations_iPhone = "UIInterfaceOrientationPortrait UIInterfaceOrientationLandscapeLeft UIInterfaceOrientationLandscapeRight";
				INFOPLIST_KEY_UIUserInterfaceStyle = Dark;
				LD_RUNPATH_SEARCH_PATHS = (
					"$(inherited)",
					"@executable_path/Frameworks",
				);
				MARKETING_VERSION = 1.0;
				PRODUCT_BUNDLE_IDENTIFIER = com.yuutarou.FirebasePlayground;
				PRODUCT_NAME = "$(TARGET_NAME)";
				SWIFT_EMIT_LOC_STRINGS = YES;
				SWIFT_VERSION = 5.0;
				TARGETED_DEVICE_FAMILY = "1,2";
			};
			name = Debug;
		};
		090F16DC2AB72F7600E0C812 /* Release */ = {
			isa = XCBuildConfiguration;
			buildSettings = {
				ASSETCATALOG_COMPILER_APPICON_NAME = AppIcon;
				ASSETCATALOG_COMPILER_GLOBAL_ACCENT_COLOR_NAME = AccentColor;
				CODE_SIGN_STYLE = Automatic;
				CURRENT_PROJECT_VERSION = 1;
				DEVELOPMENT_ASSET_PATHS = "\"FirebasePlayground/Preview Content\"";
				DEVELOPMENT_TEAM = J8NG2572RV;
				ENABLE_PREVIEWS = YES;
				GENERATE_INFOPLIST_FILE = YES;
				INFOPLIST_KEY_UIApplicationSceneManifest_Generation = YES;
				INFOPLIST_KEY_UIApplicationSupportsIndirectInputEvents = YES;
				INFOPLIST_KEY_UILaunchScreen_Generation = YES;
				INFOPLIST_KEY_UISupportedInterfaceOrientations_iPad = "UIInterfaceOrientationPortrait UIInterfaceOrientationPortraitUpsideDown UIInterfaceOrientationLandscapeLeft UIInterfaceOrientationLandscapeRight";
				INFOPLIST_KEY_UISupportedInterfaceOrientations_iPhone = "UIInterfaceOrientationPortrait UIInterfaceOrientationLandscapeLeft UIInterfaceOrientationLandscapeRight";
				INFOPLIST_KEY_UIUserInterfaceStyle = Dark;
				LD_RUNPATH_SEARCH_PATHS = (
					"$(inherited)",
					"@executable_path/Frameworks",
				);
				MARKETING_VERSION = 1.0;
				PRODUCT_BUNDLE_IDENTIFIER = com.yuutarou.FirebasePlayground;
				PRODUCT_NAME = "$(TARGET_NAME)";
				SWIFT_EMIT_LOC_STRINGS = YES;
				SWIFT_VERSION = 5.0;
				TARGETED_DEVICE_FAMILY = "1,2";
			};
			name = Release;
		};
/* End XCBuildConfiguration section */

/* Begin XCConfigurationList section */
		090F16C72AB72F7500E0C812 /* Build configuration list for PBXProject "FirebasePlayground" */ = {
			isa = XCConfigurationList;
			buildConfigurations = (
				090F16D82AB72F7600E0C812 /* Debug */,
				090F16D92AB72F7600E0C812 /* Release */,
			);
			defaultConfigurationIsVisible = 0;
			defaultConfigurationName = Release;
		};
		090F16DA2AB72F7600E0C812 /* Build configuration list for PBXNativeTarget "FirebasePlayground" */ = {
			isa = XCConfigurationList;
			buildConfigurations = (
				090F16DB2AB72F7600E0C812 /* Debug */,
				090F16DC2AB72F7600E0C812 /* Release */,
			);
			defaultConfigurationIsVisible = 0;
			defaultConfigurationName = Release;
		};
/* End XCConfigurationList section */

/* Begin XCRemoteSwiftPackageReference section */
		090F16DD2AB731B400E0C812 /* XCRemoteSwiftPackageReference "firebase-ios-sdk" */ = {
			isa = XCRemoteSwiftPackageReference;
			repositoryURL = "https://github.com/firebase/firebase-ios-sdk.git";
			requirement = {
				kind = upToNextMajorVersion;
				minimumVersion = 10.0.0;
			};
		};
/* End XCRemoteSwiftPackageReference section */

/* Begin XCSwiftPackageProductDependency section */
		090F16DE2AB731B400E0C812 /* FirebaseFirestore */ = {
			isa = XCSwiftPackageProductDependency;
			package = 090F16DD2AB731B400E0C812 /* XCRemoteSwiftPackageReference "firebase-ios-sdk" */;
			productName = FirebaseFirestore;
		};
		090F16E32AB731F300E0C812 /* FirebaseFirestoreSwift */ = {
			isa = XCSwiftPackageProductDependency;
			package = 090F16DD2AB731B400E0C812 /* XCRemoteSwiftPackageReference "firebase-ios-sdk" */;
			productName = FirebaseFirestoreSwift;
		};
/* End XCSwiftPackageProductDependency section */
	};
	rootObject = 090F16C42AB72F7500E0C812 /* Project object */;
}
